
Microsoft Visual Studio Solution File, Format Version 12.00
# Visual Studio Version 16
VisualStudioVersion = 16.0.30517.126
MinimumVisualStudioVersion = 10.0.40219.1
Project("{FAE04EC0-301F-11D3-BF4B-00C04F79EFBC}") = "MidtermPart2", "MidtermPart2\MidtermPart2.csproj", "{12138E5A-FCF3-4553-B81C-6AA764E25C63}"
EndProject
Global
	GlobalSection(SolutionConfigurationPlatforms) = preSolution
		Debug|Any CPU = Debug|Any CPU
		Release|Any CPU = Release|Any CPU
	EndGlobalSection
	GlobalSection(ProjectConfigurationPlatforms) = postSolution
		{12138E5A-FCF3-4553-B81C-6AA764E25C63}.Debug|Any CPU.ActiveCfg = Debug|Any CPU
		{12138E5A-FCF3-4553-B81C-6AA764E25C63}.Debug|Any CPU.Build.0 = Debug|Any CPU
		{12138E5A-FCF3-4553-B81C-6AA764E25C63}.Release|Any CPU.ActiveCfg = Release|Any CPU
		{12138E5A-FCF3-4553-B81C-6AA764E25C63}.Release|Any CPU.Build.0 = Release|Any CPU
	EndGlobalSection
	GlobalSection(SolutionProperties) = preSolution
		HideSolutionNode = FALSE
	EndGlobalSection
	GlobalSection(ExtensibilityGlobals) = postSolution
		SolutionGuid = {EC61668A-54B7-479F-A01D-56E9F2D277D9}
	EndGlobalSection
EndGlobal
